// !$*UTF8*$!
{
	archiveVersion = 1;
	classes = {
	};
	objectVersion = 55;
	objects = {

/* Begin PBXBuildFile section */
		02BC7D94298D6E1F00C8DD3F /* sample.mp3 in Resources */ = {isa = PBXBuildFile; fileRef = 02BC7D90298D6E1E00C8DD3F /* sample.mp3 */; };
		02BC7D96298D6E1F00C8DD3F /* DestiniView.swift in Sources */ = {isa = PBXBuildFile; fileRef = 02BC7D92298D6E1F00C8DD3F /* DestiniView.swift */; };
		02BC7D99298D6E4600C8DD3F /* BaseView.swift in Sources */ = {isa = PBXBuildFile; fileRef = 02BC7D97298D6E4600C8DD3F /* BaseView.swift */; };
		02BC7D9A298D6E4600C8DD3F /* BaseController.swift in Sources */ = {isa = PBXBuildFile; fileRef = 02BC7D98298D6E4600C8DD3F /* BaseController.swift */; };
		02BC7D9D298D6E9200C8DD3F /* Then.swift in Sources */ = {isa = PBXBuildFile; fileRef = 02BC7D9B298D6E9200C8DD3F /* Then.swift */; };
		02BC7D9E298D6E9200C8DD3F /* UIView+Extension.swift in Sources */ = {isa = PBXBuildFile; fileRef = 02BC7D9C298D6E9200C8DD3F /* UIView+Extension.swift */; };
		02BC7DA0298D715000C8DD3F /* Story.json in Resources */ = {isa = PBXBuildFile; fileRef = 02BC7D9F298D715000C8DD3F /* Story.json */; };
		02BC7DFD298DA09E00C8DD3F /* 27.mp3 in Resources */ = {isa = PBXBuildFile; fileRef = 02BC7DA2298DA09500C8DD3F /* 27.mp3 */; };
		02BC7DFE298DA09E00C8DD3F /* 39.mp3 in Resources */ = {isa = PBXBuildFile; fileRef = 02BC7DA3298DA09600C8DD3F /* 39.mp3 */; };
		02BC7DFF298DA09E00C8DD3F /* 19.mp3 in Resources */ = {isa = PBXBuildFile; fileRef = 02BC7DA4298DA09600C8DD3F /* 19.mp3 */; };
		02BC7E00298DA09E00C8DD3F /* 44.mp3 in Resources */ = {isa = PBXBuildFile; fileRef = 02BC7DA5298DA09600C8DD3F /* 44.mp3 */; };
		02BC7E01298DA09E00C8DD3F /* 04.mp3 in Resources */ = {isa = PBXBuildFile; fileRef = 02BC7DA6298DA09600C8DD3F /* 04.mp3 */; };
		02BC7E02298DA09E00C8DD3F /* 52.mp3 in Resources */ = {isa = PBXBuildFile; fileRef = 02BC7DA7298DA09600C8DD3F /* 52.mp3 */; };
		02BC7E03298DA09E00C8DD3F /* 58.mp3 in Resources */ = {isa = PBXBuildFile; fileRef = 02BC7DA8298DA09600C8DD3F /* 58.mp3 */; };
		02BC7E04298DA09E00C8DD3F /* 03.mp3 in Resources */ = {isa = PBXBuildFile; fileRef = 02BC7DA9298DA09600C8DD3F /* 03.mp3 */; };
		02BC7E05298DA09E00C8DD3F /* 59.mp3 in Resources */ = {isa = PBXBuildFile; fileRef = 02BC7DAA298DA09600C8DD3F /* 59.mp3 */; };
		02BC7E06298DA09E00C8DD3F /* 71.mp3 in Resources */ = {isa = PBXBuildFile; fileRef = 02BC7DAB298DA09600C8DD3F /* 71.mp3 */; };
		02BC7E07298DA09E00C8DD3F /* 72.mp3 in Resources */ = {isa = PBXBuildFile; fileRef = 02BC7DAC298DA09600C8DD3F /* 72.mp3 */; };
		02BC7E08298DA09E00C8DD3F /* 20.mp3 in Resources */ = {isa = PBXBuildFile; fileRef = 02BC7DAD298DA09600C8DD3F /* 20.mp3 */; };
		02BC7E09298DA09E00C8DD3F /* 73.mp3 in Resources */ = {isa = PBXBuildFile; fileRef = 02BC7DAE298DA09700C8DD3F /* 73.mp3 */; };
		02BC7E0A298DA09E00C8DD3F /* 08.mp3 in Resources */ = {isa = PBXBuildFile; fileRef = 02BC7DAF298DA09700C8DD3F /* 08.mp3 */; };
		02BC7E0B298DA09E00C8DD3F /* 74.mp3 in Resources */ = {isa = PBXBuildFile; fileRef = 02BC7DB0298DA09700C8DD3F /* 74.mp3 */; };
		02BC7E0C298DA09E00C8DD3F /* 07.mp3 in Resources */ = {isa = PBXBuildFile; fileRef = 02BC7DB1298DA09700C8DD3F /* 07.mp3 */; };
		02BC7E0D298DA09E00C8DD3F /* 78.mp3 in Resources */ = {isa = PBXBuildFile; fileRef = 02BC7DB2298DA09700C8DD3F /* 78.mp3 */; };
		02BC7E0E298DA09E00C8DD3F /* 36.mp3 in Resources */ = {isa = PBXBuildFile; fileRef = 02BC7DB3298DA09700C8DD3F /* 36.mp3 */; };
		02BC7E0F298DA09E00C8DD3F /* 79.mp3 in Resources */ = {isa = PBXBuildFile; fileRef = 02BC7DB4298DA09700C8DD3F /* 79.mp3 */; };
		02BC7E10298DA09E00C8DD3F /* 09.mp3 in Resources */ = {isa = PBXBuildFile; fileRef = 02BC7DB5298DA09700C8DD3F /* 09.mp3 */; };
		02BC7E11298DA09E00C8DD3F /* 56.mp3 in Resources */ = {isa = PBXBuildFile; fileRef = 02BC7DB6298DA09700C8DD3F /* 56.mp3 */; };
		02BC7E12298DA09E00C8DD3F /* 81.mp3 in Resources */ = {isa = PBXBuildFile; fileRef = 02BC7DB7298DA09700C8DD3F /* 81.mp3 */; };
		02BC7E13298DA09E00C8DD3F /* 88.mp3 in Resources */ = {isa = PBXBuildFile; fileRef = 02BC7DB8298DA09700C8DD3F /* 88.mp3 */; };
		02BC7E14298DA09E00C8DD3F /* 63.mp3 in Resources */ = {isa = PBXBuildFile; fileRef = 02BC7DB9298DA09700C8DD3F /* 63.mp3 */; };
		02BC7E15298DA09E00C8DD3F /* 83.mp3 in Resources */ = {isa = PBXBuildFile; fileRef = 02BC7DBA298DA09800C8DD3F /* 83.mp3 */; };
		02BC7E16298DA09E00C8DD3F /* 15.mp3 in Resources */ = {isa = PBXBuildFile; fileRef = 02BC7DBB298DA09800C8DD3F /* 15.mp3 */; };
		02BC7E17298DA09E00C8DD3F /* 55.mp3 in Resources */ = {isa = PBXBuildFile; fileRef = 02BC7DBC298DA09800C8DD3F /* 55.mp3 */; };
		02BC7E18298DA09E00C8DD3F /* 62.mp3 in Resources */ = {isa = PBXBuildFile; fileRef = 02BC7DBD298DA09800C8DD3F /* 62.mp3 */; };
		02BC7E19298DA09E00C8DD3F /* 85.mp3 in Resources */ = {isa = PBXBuildFile; fileRef = 02BC7DBE298DA09800C8DD3F /* 85.mp3 */; };
		02BC7E1A298DA09E00C8DD3F /* 67.mp3 in Resources */ = {isa = PBXBuildFile; fileRef = 02BC7DBF298DA09800C8DD3F /* 67.mp3 */; };
		02BC7E1B298DA09E00C8DD3F /* 84.mp3 in Resources */ = {isa = PBXBuildFile; fileRef = 02BC7DC0298DA09800C8DD3F /* 84.mp3 */; };
		02BC7E1C298DA09E00C8DD3F /* 30.mp3 in Resources */ = {isa = PBXBuildFile; fileRef = 02BC7DC1298DA09800C8DD3F /* 30.mp3 */; };
		02BC7E1D298DA09E00C8DD3F /* 61.mp3 in Resources */ = {isa = PBXBuildFile; fileRef = 02BC7DC2298DA09800C8DD3F /* 61.mp3 */; };
		02BC7E1E298DA09E00C8DD3F /* 35.mp3 in Resources */ = {isa = PBXBuildFile; fileRef = 02BC7DC3298DA09800C8DD3F /* 35.mp3 */; };
		02BC7E1F298DA09E00C8DD3F /* 24.mp3 in Resources */ = {isa = PBXBuildFile; fileRef = 02BC7DC4298DA09800C8DD3F /* 24.mp3 */; };
		02BC7E20298DA09E00C8DD3F /* 34.mp3 in Resources */ = {isa = PBXBuildFile; fileRef = 02BC7DC5298DA09900C8DD3F /* 34.mp3 */; };
		02BC7E21298DA09E00C8DD3F /* 42.mp3 in Resources */ = {isa = PBXBuildFile; fileRef = 02BC7DC6298DA09900C8DD3F /* 42.mp3 */; };
		02BC7E22298DA09E00C8DD3F /* 23.mp3 in Resources */ = {isa = PBXBuildFile; fileRef = 02BC7DC7298DA09900C8DD3F /* 23.mp3 */; };
		02BC7E23298DA09E00C8DD3F /* 25.mp3 in Resources */ = {isa = PBXBuildFile; fileRef = 02BC7DC8298DA09900C8DD3F /* 25.mp3 */; };
		02BC7E24298DA09E00C8DD3F /* 12.mp3 in Resources */ = {isa = PBXBuildFile; fileRef = 02BC7DC9298DA09900C8DD3F /* 12.mp3 */; };
		02BC7E25298DA09E00C8DD3F /* 38.mp3 in Resources */ = {isa = PBXBuildFile; fileRef = 02BC7DCA298DA09900C8DD3F /* 38.mp3 */; };
		02BC7E26298DA09E00C8DD3F /* 54.mp3 in Resources */ = {isa = PBXBuildFile; fileRef = 02BC7DCB298DA09900C8DD3F /* 54.mp3 */; };
		02BC7E27298DA09E00C8DD3F /* 89.mp3 in Resources */ = {isa = PBXBuildFile; fileRef = 02BC7DCC298DA09900C8DD3F /* 89.mp3 */; };
		02BC7E28298DA09E00C8DD3F /* 28.mp3 in Resources */ = {isa = PBXBuildFile; fileRef = 02BC7DCD298DA09900C8DD3F /* 28.mp3 */; };
		02BC7E29298DA09E00C8DD3F /* 31.mp3 in Resources */ = {isa = PBXBuildFile; fileRef = 02BC7DCE298DA09A00C8DD3F /* 31.mp3 */; };
		02BC7E2A298DA09E00C8DD3F /* 49.mp3 in Resources */ = {isa = PBXBuildFile; fileRef = 02BC7DCF298DA09A00C8DD3F /* 49.mp3 */; };
		02BC7E2B298DA09E00C8DD3F /* 68.mp3 in Resources */ = {isa = PBXBuildFile; fileRef = 02BC7DD0298DA09A00C8DD3F /* 68.mp3 */; };
		02BC7E2C298DA09E00C8DD3F /* 46.mp3 in Resources */ = {isa = PBXBuildFile; fileRef = 02BC7DD1298DA09A00C8DD3F /* 46.mp3 */; };
		02BC7E2D298DA09E00C8DD3F /* 05.mp3 in Resources */ = {isa = PBXBuildFile; fileRef = 02BC7DD2298DA09A00C8DD3F /* 05.mp3 */; };
		02BC7E2E298DA09E00C8DD3F /* 29.mp3 in Resources */ = {isa = PBXBuildFile; fileRef = 02BC7DD3298DA09A00C8DD3F /* 29.mp3 */; };
		02BC7E2F298DA09E00C8DD3F /* 70.mp3 in Resources */ = {isa = PBXBuildFile; fileRef = 02BC7DD4298DA09A00C8DD3F /* 70.mp3 */; };
		02BC7E30298DA09E00C8DD3F /* 13.mp3 in Resources */ = {isa = PBXBuildFile; fileRef = 02BC7DD5298DA09A00C8DD3F /* 13.mp3 */; };
		02BC7E31298DA09E00C8DD3F /* 65.mp3 in Resources */ = {isa = PBXBuildFile; fileRef = 02BC7DD6298DA09A00C8DD3F /* 65.mp3 */; };
		02BC7E32298DA09E00C8DD3F /* 53.mp3 in Resources */ = {isa = PBXBuildFile; fileRef = 02BC7DD7298DA09B00C8DD3F /* 53.mp3 */; };
		02BC7E33298DA09E00C8DD3F /* 80.mp3 in Resources */ = {isa = PBXBuildFile; fileRef = 02BC7DD8298DA09B00C8DD3F /* 80.mp3 */; };
		02BC7E34298DA09E00C8DD3F /* 75.mp3 in Resources */ = {isa = PBXBuildFile; fileRef = 02BC7DD9298DA09B00C8DD3F /* 75.mp3 */; };
		02BC7E35298DA09E00C8DD3F /* 64.mp3 in Resources */ = {isa = PBXBuildFile; fileRef = 02BC7DDA298DA09B00C8DD3F /* 64.mp3 */; };
		02BC7E36298DA09E00C8DD3F /* 76.mp3 in Resources */ = {isa = PBXBuildFile; fileRef = 02BC7DDB298DA09B00C8DD3F /* 76.mp3 */; };
		02BC7E37298DA09E00C8DD3F /* 90.mp3 in Resources */ = {isa = PBXBuildFile; fileRef = 02BC7DDC298DA09B00C8DD3F /* 90.mp3 */; };
		02BC7E38298DA09E00C8DD3F /* 10.mp3 in Resources */ = {isa = PBXBuildFile; fileRef = 02BC7DDD298DA09B00C8DD3F /* 10.mp3 */; };
		02BC7E39298DA09E00C8DD3F /* 40.mp3 in Resources */ = {isa = PBXBuildFile; fileRef = 02BC7DDE298DA09B00C8DD3F /* 40.mp3 */; };
		02BC7E3A298DA09E00C8DD3F /* 60.mp3 in Resources */ = {isa = PBXBuildFile; fileRef = 02BC7DDF298DA09B00C8DD3F /* 60.mp3 */; };
		02BC7E3B298DA09E00C8DD3F /* 16.mp3 in Resources */ = {isa = PBXBuildFile; fileRef = 02BC7DE0298DA09B00C8DD3F /* 16.mp3 */; };
		02BC7E3C298DA09E00C8DD3F /* 66.mp3 in Resources */ = {isa = PBXBuildFile; fileRef = 02BC7DE1298DA09B00C8DD3F /* 66.mp3 */; };
		02BC7E3D298DA09E00C8DD3F /* 11.mp3 in Resources */ = {isa = PBXBuildFile; fileRef = 02BC7DE2298DA09B00C8DD3F /* 11.mp3 */; };
		02BC7E3E298DA09E00C8DD3F /* 33.mp3 in Resources */ = {isa = PBXBuildFile; fileRef = 02BC7DE3298DA09C00C8DD3F /* 33.mp3 */; };
		02BC7E3F298DA09E00C8DD3F /* 82.mp3 in Resources */ = {isa = PBXBuildFile; fileRef = 02BC7DE4298DA09C00C8DD3F /* 82.mp3 */; };
		02BC7E40298DA09E00C8DD3F /* 86.mp3 in Resources */ = {isa = PBXBuildFile; fileRef = 02BC7DE5298DA09C00C8DD3F /* 86.mp3 */; };
		02BC7E41298DA09E00C8DD3F /* 51.mp3 in Resources */ = {isa = PBXBuildFile; fileRef = 02BC7DE6298DA09C00C8DD3F /* 51.mp3 */; };
		02BC7E42298DA09E00C8DD3F /* 41.mp3 in Resources */ = {isa = PBXBuildFile; fileRef = 02BC7DE7298DA09C00C8DD3F /* 41.mp3 */; };
		02BC7E43298DA09E00C8DD3F /* 87.mp3 in Resources */ = {isa = PBXBuildFile; fileRef = 02BC7DE8298DA09C00C8DD3F /* 87.mp3 */; };
		02BC7E44298DA09E00C8DD3F /* 43.mp3 in Resources */ = {isa = PBXBuildFile; fileRef = 02BC7DE9298DA09C00C8DD3F /* 43.mp3 */; };
		02BC7E45298DA09E00C8DD3F /* 22.mp3 in Resources */ = {isa = PBXBuildFile; fileRef = 02BC7DEA298DA09C00C8DD3F /* 22.mp3 */; };
		02BC7E46298DA09E00C8DD3F /* 48.mp3 in Resources */ = {isa = PBXBuildFile; fileRef = 02BC7DEB298DA09C00C8DD3F /* 48.mp3 */; };
		02BC7E47298DA09E00C8DD3F /* 47.mp3 in Resources */ = {isa = PBXBuildFile; fileRef = 02BC7DEC298DA09C00C8DD3F /* 47.mp3 */; };
		02BC7E48298DA09E00C8DD3F /* 21.mp3 in Resources */ = {isa = PBXBuildFile; fileRef = 02BC7DED298DA09C00C8DD3F /* 21.mp3 */; };
		02BC7E49298DA09E00C8DD3F /* 37.mp3 in Resources */ = {isa = PBXBuildFile; fileRef = 02BC7DEE298DA09D00C8DD3F /* 37.mp3 */; };
		02BC7E4A298DA09E00C8DD3F /* 26.mp3 in Resources */ = {isa = PBXBuildFile; fileRef = 02BC7DEF298DA09D00C8DD3F /* 26.mp3 */; };
		02BC7E4B298DA09E00C8DD3F /* 45.mp3 in Resources */ = {isa = PBXBuildFile; fileRef = 02BC7DF0298DA09D00C8DD3F /* 45.mp3 */; };
		02BC7E4C298DA09E00C8DD3F /* 02.mp3 in Resources */ = {isa = PBXBuildFile; fileRef = 02BC7DF1298DA09D00C8DD3F /* 02.mp3 */; };
		02BC7E4D298DA09E00C8DD3F /* 77.mp3 in Resources */ = {isa = PBXBuildFile; fileRef = 02BC7DF2298DA09D00C8DD3F /* 77.mp3 */; };
		02BC7E4E298DA09E00C8DD3F /* 91.mp3 in Resources */ = {isa = PBXBuildFile; fileRef = 02BC7DF3298DA09D00C8DD3F /* 91.mp3 */; };
		02BC7E4F298DA09E00C8DD3F /* 50.mp3 in Resources */ = {isa = PBXBuildFile; fileRef = 02BC7DF4298DA09D00C8DD3F /* 50.mp3 */; };
		02BC7E50298DA09E00C8DD3F /* 18.mp3 in Resources */ = {isa = PBXBuildFile; fileRef = 02BC7DF5298DA09D00C8DD3F /* 18.mp3 */; };
		02BC7E51298DA09E00C8DD3F /* 32.mp3 in Resources */ = {isa = PBXBuildFile; fileRef = 02BC7DF6298DA09D00C8DD3F /* 32.mp3 */; };
		02BC7E52298DA09E00C8DD3F /* 69.mp3 in Resources */ = {isa = PBXBuildFile; fileRef = 02BC7DF7298DA09D00C8DD3F /* 69.mp3 */; };
		02BC7E53298DA09E00C8DD3F /* 06.mp3 in Resources */ = {isa = PBXBuildFile; fileRef = 02BC7DF8298DA09E00C8DD3F /* 06.mp3 */; };
		02BC7E54298DA09E00C8DD3F /* 01.mp3 in Resources */ = {isa = PBXBuildFile; fileRef = 02BC7DF9298DA09E00C8DD3F /* 01.mp3 */; };
		02BC7E55298DA09E00C8DD3F /* 17.mp3 in Resources */ = {isa = PBXBuildFile; fileRef = 02BC7DFA298DA09E00C8DD3F /* 17.mp3 */; };
		02BC7E56298DA09E00C8DD3F /* 14.mp3 in Resources */ = {isa = PBXBuildFile; fileRef = 02BC7DFB298DA09E00C8DD3F /* 14.mp3 */; };
		02BC7E57298DA09E00C8DD3F /* 57.mp3 in Resources */ = {isa = PBXBuildFile; fileRef = 02BC7DFC298DA09E00C8DD3F /* 57.mp3 */; };
		1F75D93427BBA2B1008B9D39 /* Story.swift in Sources */ = {isa = PBXBuildFile; fileRef = 1F75D93327BBA2B1008B9D39 /* Story.swift */; };
		1F75D93727BBF650008B9D39 /* StoryBrain.swift in Sources */ = {isa = PBXBuildFile; fileRef = 1F75D93627BBF650008B9D39 /* StoryBrain.swift */; };
		1FE48C3B27BB508400719311 /* Assets.xcassets in Resources */ = {isa = PBXBuildFile; fileRef = 1FE48C3A27BB508400719311 /* Assets.xcassets */; };
		1FE48C3E27BB508400719311 /* Preview Assets.xcassets in Resources */ = {isa = PBXBuildFile; fileRef = 1FE48C3D27BB508400719311 /* Preview Assets.xcassets */; };
		1FE48C4527BB50CE00719311 /* AppDelegate.swift in Sources */ = {isa = PBXBuildFile; fileRef = 1FE48C4427BB50CE00719311 /* AppDelegate.swift */; };
		1FE48C4727BB516C00719311 /* SceneDelegate.swift in Sources */ = {isa = PBXBuildFile; fileRef = 1FE48C4627BB516C00719311 /* SceneDelegate.swift */; };
		1FE48C4927BB51E300719311 /* DistiniViewController.swift in Sources */ = {isa = PBXBuildFile; fileRef = 1FE48C4827BB51E300719311 /* DistiniViewController.swift */; };
/* End PBXBuildFile section */

/* Begin PBXFileReference section */
		02BC7D90298D6E1E00C8DD3F /* sample.mp3 */ = {isa = PBXFileReference; lastKnownFileType = audio.mp3; path = sample.mp3; sourceTree = "<group>"; };
		02BC7D92298D6E1F00C8DD3F /* DestiniView.swift */ = {isa = PBXFileReference; fileEncoding = 4; lastKnownFileType = sourcecode.swift; path = DestiniView.swift; sourceTree = "<group>"; };
		02BC7D97298D6E4600C8DD3F /* BaseView.swift */ = {isa = PBXFileReference; fileEncoding = 4; lastKnownFileType = sourcecode.swift; path = BaseView.swift; sourceTree = "<group>"; };
		02BC7D98298D6E4600C8DD3F /* BaseController.swift */ = {isa = PBXFileReference; fileEncoding = 4; lastKnownFileType = sourcecode.swift; path = BaseController.swift; sourceTree = "<group>"; };
		02BC7D9B298D6E9200C8DD3F /* Then.swift */ = {isa = PBXFileReference; fileEncoding = 4; lastKnownFileType = sourcecode.swift; path = Then.swift; sourceTree = "<group>"; };
		02BC7D9C298D6E9200C8DD3F /* UIView+Extension.swift */ = {isa = PBXFileReference; fileEncoding = 4; lastKnownFileType = sourcecode.swift; path = "UIView+Extension.swift"; sourceTree = "<group>"; };
		02BC7D9F298D715000C8DD3F /* Story.json */ = {isa = PBXFileReference; lastKnownFileType = text.json; path = Story.json; sourceTree = "<group>"; };
		02BC7DA2298DA09500C8DD3F /* 27.mp3 */ = {isa = PBXFileReference; lastKnownFileType = audio.mp3; path = 27.mp3; sourceTree = "<group>"; };
		02BC7DA3298DA09600C8DD3F /* 39.mp3 */ = {isa = PBXFileReference; lastKnownFileType = audio.mp3; path = 39.mp3; sourceTree = "<group>"; };
		02BC7DA4298DA09600C8DD3F /* 19.mp3 */ = {isa = PBXFileReference; lastKnownFileType = audio.mp3; path = 19.mp3; sourceTree = "<group>"; };
		02BC7DA5298DA09600C8DD3F /* 44.mp3 */ = {isa = PBXFileReference; lastKnownFileType = audio.mp3; path = 44.mp3; sourceTree = "<group>"; };
		02BC7DA6298DA09600C8DD3F /* 04.mp3 */ = {isa = PBXFileReference; lastKnownFileType = audio.mp3; path = 04.mp3; sourceTree = "<group>"; };
		02BC7DA7298DA09600C8DD3F /* 52.mp3 */ = {isa = PBXFileReference; lastKnownFileType = audio.mp3; path = 52.mp3; sourceTree = "<group>"; };
		02BC7DA8298DA09600C8DD3F /* 58.mp3 */ = {isa = PBXFileReference; lastKnownFileType = audio.mp3; path = 58.mp3; sourceTree = "<group>"; };
		02BC7DA9298DA09600C8DD3F /* 03.mp3 */ = {isa = PBXFileReference; lastKnownFileType = audio.mp3; path = 03.mp3; sourceTree = "<group>"; };
		02BC7DAA298DA09600C8DD3F /* 59.mp3 */ = {isa = PBXFileReference; lastKnownFileType = audio.mp3; path = 59.mp3; sourceTree = "<group>"; };
		02BC7DAB298DA09600C8DD3F /* 71.mp3 */ = {isa = PBXFileReference; lastKnownFileType = audio.mp3; path = 71.mp3; sourceTree = "<group>"; };
		02BC7DAC298DA09600C8DD3F /* 72.mp3 */ = {isa = PBXFileReference; lastKnownFileType = audio.mp3; path = 72.mp3; sourceTree = "<group>"; };
		02BC7DAD298DA09600C8DD3F /* 20.mp3 */ = {isa = PBXFileReference; lastKnownFileType = audio.mp3; path = 20.mp3; sourceTree = "<group>"; };
		02BC7DAE298DA09700C8DD3F /* 73.mp3 */ = {isa = PBXFileReference; lastKnownFileType = audio.mp3; path = 73.mp3; sourceTree = "<group>"; };
		02BC7DAF298DA09700C8DD3F /* 08.mp3 */ = {isa = PBXFileReference; lastKnownFileType = audio.mp3; path = 08.mp3; sourceTree = "<group>"; };
		02BC7DB0298DA09700C8DD3F /* 74.mp3 */ = {isa = PBXFileReference; lastKnownFileType = audio.mp3; path = 74.mp3; sourceTree = "<group>"; };
		02BC7DB1298DA09700C8DD3F /* 07.mp3 */ = {isa = PBXFileReference; lastKnownFileType = audio.mp3; path = 07.mp3; sourceTree = "<group>"; };
		02BC7DB2298DA09700C8DD3F /* 78.mp3 */ = {isa = PBXFileReference; lastKnownFileType = audio.mp3; path = 78.mp3; sourceTree = "<group>"; };
		02BC7DB3298DA09700C8DD3F /* 36.mp3 */ = {isa = PBXFileReference; lastKnownFileType = audio.mp3; path = 36.mp3; sourceTree = "<group>"; };
		02BC7DB4298DA09700C8DD3F /* 79.mp3 */ = {isa = PBXFileReference; lastKnownFileType = audio.mp3; path = 79.mp3; sourceTree = "<group>"; };
		02BC7DB5298DA09700C8DD3F /* 09.mp3 */ = {isa = PBXFileReference; lastKnownFileType = audio.mp3; path = 09.mp3; sourceTree = "<group>"; };
		02BC7DB6298DA09700C8DD3F /* 56.mp3 */ = {isa = PBXFileReference; lastKnownFileType = audio.mp3; path = 56.mp3; sourceTree = "<group>"; };
		02BC7DB7298DA09700C8DD3F /* 81.mp3 */ = {isa = PBXFileReference; lastKnownFileType = audio.mp3; path = 81.mp3; sourceTree = "<group>"; };
		02BC7DB8298DA09700C8DD3F /* 88.mp3 */ = {isa = PBXFileReference; lastKnownFileType = audio.mp3; path = 88.mp3; sourceTree = "<group>"; };
		02BC7DB9298DA09700C8DD3F /* 63.mp3 */ = {isa = PBXFileReference; lastKnownFileType = audio.mp3; path = 63.mp3; sourceTree = "<group>"; };
		02BC7DBA298DA09800C8DD3F /* 83.mp3 */ = {isa = PBXFileReference; lastKnownFileType = audio.mp3; path = 83.mp3; sourceTree = "<group>"; };
		02BC7DBB298DA09800C8DD3F /* 15.mp3 */ = {isa = PBXFileReference; lastKnownFileType = audio.mp3; path = 15.mp3; sourceTree = "<group>"; };
		02BC7DBC298DA09800C8DD3F /* 55.mp3 */ = {isa = PBXFileReference; lastKnownFileType = audio.mp3; path = 55.mp3; sourceTree = "<group>"; };
		02BC7DBD298DA09800C8DD3F /* 62.mp3 */ = {isa = PBXFileReference; lastKnownFileType = audio.mp3; path = 62.mp3; sourceTree = "<group>"; };
		02BC7DBE298DA09800C8DD3F /* 85.mp3 */ = {isa = PBXFileReference; lastKnownFileType = audio.mp3; path = 85.mp3; sourceTree = "<group>"; };
		02BC7DBF298DA09800C8DD3F /* 67.mp3 */ = {isa = PBXFileReference; lastKnownFileType = audio.mp3; path = 67.mp3; sourceTree = "<group>"; };
		02BC7DC0298DA09800C8DD3F /* 84.mp3 */ = {isa = PBXFileReference; lastKnownFileType = audio.mp3; path = 84.mp3; sourceTree = "<group>"; };
		02BC7DC1298DA09800C8DD3F /* 30.mp3 */ = {isa = PBXFileReference; lastKnownFileType = audio.mp3; path = 30.mp3; sourceTree = "<group>"; };
		02BC7DC2298DA09800C8DD3F /* 61.mp3 */ = {isa = PBXFileReference; lastKnownFileType = audio.mp3; path = 61.mp3; sourceTree = "<group>"; };
		02BC7DC3298DA09800C8DD3F /* 35.mp3 */ = {isa = PBXFileReference; lastKnownFileType = audio.mp3; path = 35.mp3; sourceTree = "<group>"; };
		02BC7DC4298DA09800C8DD3F /* 24.mp3 */ = {isa = PBXFileReference; lastKnownFileType = audio.mp3; path = 24.mp3; sourceTree = "<group>"; };
		02BC7DC5298DA09900C8DD3F /* 34.mp3 */ = {isa = PBXFileReference; lastKnownFileType = audio.mp3; path = 34.mp3; sourceTree = "<group>"; };
		02BC7DC6298DA09900C8DD3F /* 42.mp3 */ = {isa = PBXFileReference; lastKnownFileType = audio.mp3; path = 42.mp3; sourceTree = "<group>"; };
		02BC7DC7298DA09900C8DD3F /* 23.mp3 */ = {isa = PBXFileReference; lastKnownFileType = audio.mp3; path = 23.mp3; sourceTree = "<group>"; };
		02BC7DC8298DA09900C8DD3F /* 25.mp3 */ = {isa = PBXFileReference; lastKnownFileType = audio.mp3; path = 25.mp3; sourceTree = "<group>"; };
		02BC7DC9298DA09900C8DD3F /* 12.mp3 */ = {isa = PBXFileReference; lastKnownFileType = audio.mp3; path = 12.mp3; sourceTree = "<group>"; };
		02BC7DCA298DA09900C8DD3F /* 38.mp3 */ = {isa = PBXFileReference; lastKnownFileType = audio.mp3; path = 38.mp3; sourceTree = "<group>"; };
		02BC7DCB298DA09900C8DD3F /* 54.mp3 */ = {isa = PBXFileReference; lastKnownFileType = audio.mp3; path = 54.mp3; sourceTree = "<group>"; };
		02BC7DCC298DA09900C8DD3F /* 89.mp3 */ = {isa = PBXFileReference; lastKnownFileType = audio.mp3; path = 89.mp3; sourceTree = "<group>"; };
		02BC7DCD298DA09900C8DD3F /* 28.mp3 */ = {isa = PBXFileReference; lastKnownFileType = audio.mp3; path = 28.mp3; sourceTree = "<group>"; };
		02BC7DCE298DA09A00C8DD3F /* 31.mp3 */ = {isa = PBXFileReference; lastKnownFileType = audio.mp3; path = 31.mp3; sourceTree = "<group>"; };
		02BC7DCF298DA09A00C8DD3F /* 49.mp3 */ = {isa = PBXFileReference; lastKnownFileType = audio.mp3; path = 49.mp3; sourceTree = "<group>"; };
		02BC7DD0298DA09A00C8DD3F /* 68.mp3 */ = {isa = PBXFileReference; lastKnownFileType = audio.mp3; path = 68.mp3; sourceTree = "<group>"; };
		02BC7DD1298DA09A00C8DD3F /* 46.mp3 */ = {isa = PBXFileReference; lastKnownFileType = audio.mp3; path = 46.mp3; sourceTree = "<group>"; };
		02BC7DD2298DA09A00C8DD3F /* 05.mp3 */ = {isa = PBXFileReference; lastKnownFileType = audio.mp3; path = 05.mp3; sourceTree = "<group>"; };
		02BC7DD3298DA09A00C8DD3F /* 29.mp3 */ = {isa = PBXFileReference; lastKnownFileType = audio.mp3; path = 29.mp3; sourceTree = "<group>"; };
		02BC7DD4298DA09A00C8DD3F /* 70.mp3 */ = {isa = PBXFileReference; lastKnownFileType = audio.mp3; path = 70.mp3; sourceTree = "<group>"; };
		02BC7DD5298DA09A00C8DD3F /* 13.mp3 */ = {isa = PBXFileReference; lastKnownFileType = audio.mp3; path = 13.mp3; sourceTree = "<group>"; };
		02BC7DD6298DA09A00C8DD3F /* 65.mp3 */ = {isa = PBXFileReference; lastKnownFileType = audio.mp3; path = 65.mp3; sourceTree = "<group>"; };
		02BC7DD7298DA09B00C8DD3F /* 53.mp3 */ = {isa = PBXFileReference; lastKnownFileType = audio.mp3; path = 53.mp3; sourceTree = "<group>"; };
		02BC7DD8298DA09B00C8DD3F /* 80.mp3 */ = {isa = PBXFileReference; lastKnownFileType = audio.mp3; path = 80.mp3; sourceTree = "<group>"; };
		02BC7DD9298DA09B00C8DD3F /* 75.mp3 */ = {isa = PBXFileReference; lastKnownFileType = audio.mp3; path = 75.mp3; sourceTree = "<group>"; };
		02BC7DDA298DA09B00C8DD3F /* 64.mp3 */ = {isa = PBXFileReference; lastKnownFileType = audio.mp3; path = 64.mp3; sourceTree = "<group>"; };
		02BC7DDB298DA09B00C8DD3F /* 76.mp3 */ = {isa = PBXFileReference; lastKnownFileType = audio.mp3; path = 76.mp3; sourceTree = "<group>"; };
		02BC7DDC298DA09B00C8DD3F /* 90.mp3 */ = {isa = PBXFileReference; lastKnownFileType = audio.mp3; path = 90.mp3; sourceTree = "<group>"; };
		02BC7DDD298DA09B00C8DD3F /* 10.mp3 */ = {isa = PBXFileReference; lastKnownFileType = audio.mp3; path = 10.mp3; sourceTree = "<group>"; };
		02BC7DDE298DA09B00C8DD3F /* 40.mp3 */ = {isa = PBXFileReference; lastKnownFileType = audio.mp3; path = 40.mp3; sourceTree = "<group>"; };
		02BC7DDF298DA09B00C8DD3F /* 60.mp3 */ = {isa = PBXFileReference; lastKnownFileType = audio.mp3; path = 60.mp3; sourceTree = "<group>"; };
		02BC7DE0298DA09B00C8DD3F /* 16.mp3 */ = {isa = PBXFileReference; lastKnownFileType = audio.mp3; path = 16.mp3; sourceTree = "<group>"; };
		02BC7DE1298DA09B00C8DD3F /* 66.mp3 */ = {isa = PBXFileReference; lastKnownFileType = audio.mp3; path = 66.mp3; sourceTree = "<group>"; };
		02BC7DE2298DA09B00C8DD3F /* 11.mp3 */ = {isa = PBXFileReference; lastKnownFileType = audio.mp3; path = 11.mp3; sourceTree = "<group>"; };
		02BC7DE3298DA09C00C8DD3F /* 33.mp3 */ = {isa = PBXFileReference; lastKnownFileType = audio.mp3; path = 33.mp3; sourceTree = "<group>"; };
		02BC7DE4298DA09C00C8DD3F /* 82.mp3 */ = {isa = PBXFileReference; lastKnownFileType = audio.mp3; path = 82.mp3; sourceTree = "<group>"; };
		02BC7DE5298DA09C00C8DD3F /* 86.mp3 */ = {isa = PBXFileReference; lastKnownFileType = audio.mp3; path = 86.mp3; sourceTree = "<group>"; };
		02BC7DE6298DA09C00C8DD3F /* 51.mp3 */ = {isa = PBXFileReference; lastKnownFileType = audio.mp3; path = 51.mp3; sourceTree = "<group>"; };
		02BC7DE7298DA09C00C8DD3F /* 41.mp3 */ = {isa = PBXFileReference; lastKnownFileType = audio.mp3; path = 41.mp3; sourceTree = "<group>"; };
		02BC7DE8298DA09C00C8DD3F /* 87.mp3 */ = {isa = PBXFileReference; lastKnownFileType = audio.mp3; path = 87.mp3; sourceTree = "<group>"; };
		02BC7DE9298DA09C00C8DD3F /* 43.mp3 */ = {isa = PBXFileReference; lastKnownFileType = audio.mp3; path = 43.mp3; sourceTree = "<group>"; };
		02BC7DEA298DA09C00C8DD3F /* 22.mp3 */ = {isa = PBXFileReference; lastKnownFileType = audio.mp3; path = 22.mp3; sourceTree = "<group>"; };
		02BC7DEB298DA09C00C8DD3F /* 48.mp3 */ = {isa = PBXFileReference; lastKnownFileType = audio.mp3; path = 48.mp3; sourceTree = "<group>"; };
		02BC7DEC298DA09C00C8DD3F /* 47.mp3 */ = {isa = PBXFileReference; lastKnownFileType = audio.mp3; path = 47.mp3; sourceTree = "<group>"; };
		02BC7DED298DA09C00C8DD3F /* 21.mp3 */ = {isa = PBXFileReference; lastKnownFileType = audio.mp3; path = 21.mp3; sourceTree = "<group>"; };
		02BC7DEE298DA09D00C8DD3F /* 37.mp3 */ = {isa = PBXFileReference; lastKnownFileType = audio.mp3; path = 37.mp3; sourceTree = "<group>"; };
		02BC7DEF298DA09D00C8DD3F /* 26.mp3 */ = {isa = PBXFileReference; lastKnownFileType = audio.mp3; path = 26.mp3; sourceTree = "<group>"; };
		02BC7DF0298DA09D00C8DD3F /* 45.mp3 */ = {isa = PBXFileReference; lastKnownFileType = audio.mp3; path = 45.mp3; sourceTree = "<group>"; };
		02BC7DF1298DA09D00C8DD3F /* 02.mp3 */ = {isa = PBXFileReference; lastKnownFileType = audio.mp3; path = 02.mp3; sourceTree = "<group>"; };
		02BC7DF2298DA09D00C8DD3F /* 77.mp3 */ = {isa = PBXFileReference; lastKnownFileType = audio.mp3; path = 77.mp3; sourceTree = "<group>"; };
		02BC7DF3298DA09D00C8DD3F /* 91.mp3 */ = {isa = PBXFileReference; lastKnownFileType = audio.mp3; path = 91.mp3; sourceTree = "<group>"; };
		02BC7DF4298DA09D00C8DD3F /* 50.mp3 */ = {isa = PBXFileReference; lastKnownFileType = audio.mp3; path = 50.mp3; sourceTree = "<group>"; };
		02BC7DF5298DA09D00C8DD3F /* 18.mp3 */ = {isa = PBXFileReference; lastKnownFileType = audio.mp3; path = 18.mp3; sourceTree = "<group>"; };
		02BC7DF6298DA09D00C8DD3F /* 32.mp3 */ = {isa = PBXFileReference; lastKnownFileType = audio.mp3; path = 32.mp3; sourceTree = "<group>"; };
		02BC7DF7298DA09D00C8DD3F /* 69.mp3 */ = {isa = PBXFileReference; lastKnownFileType = audio.mp3; path = 69.mp3; sourceTree = "<group>"; };
		02BC7DF8298DA09E00C8DD3F /* 06.mp3 */ = {isa = PBXFileReference; lastKnownFileType = audio.mp3; path = 06.mp3; sourceTree = "<group>"; };
		02BC7DF9298DA09E00C8DD3F /* 01.mp3 */ = {isa = PBXFileReference; lastKnownFileType = audio.mp3; path = 01.mp3; sourceTree = "<group>"; };
		02BC7DFA298DA09E00C8DD3F /* 17.mp3 */ = {isa = PBXFileReference; lastKnownFileType = audio.mp3; path = 17.mp3; sourceTree = "<group>"; };
		02BC7DFB298DA09E00C8DD3F /* 14.mp3 */ = {isa = PBXFileReference; lastKnownFileType = audio.mp3; path = 14.mp3; sourceTree = "<group>"; };
		02BC7DFC298DA09E00C8DD3F /* 57.mp3 */ = {isa = PBXFileReference; lastKnownFileType = audio.mp3; path = 57.mp3; sourceTree = "<group>"; };
		1F75D93327BBA2B1008B9D39 /* Story.swift */ = {isa = PBXFileReference; lastKnownFileType = sourcecode.swift; path = Story.swift; sourceTree = "<group>"; };
		1F75D93627BBF650008B9D39 /* StoryBrain.swift */ = {isa = PBXFileReference; lastKnownFileType = sourcecode.swift; path = StoryBrain.swift; sourceTree = "<group>"; };
		1FE48C3327BB508400719311 /* Destini.app */ = {isa = PBXFileReference; explicitFileType = wrapper.application; includeInIndex = 0; path = Destini.app; sourceTree = BUILT_PRODUCTS_DIR; };
		1FE48C3A27BB508400719311 /* Assets.xcassets */ = {isa = PBXFileReference; lastKnownFileType = folder.assetcatalog; path = Assets.xcassets; sourceTree = "<group>"; };
		1FE48C3D27BB508400719311 /* Preview Assets.xcassets */ = {isa = PBXFileReference; lastKnownFileType = folder.assetcatalog; path = "Preview Assets.xcassets"; sourceTree = "<group>"; };
		1FE48C4427BB50CE00719311 /* AppDelegate.swift */ = {isa = PBXFileReference; lastKnownFileType = sourcecode.swift; path = AppDelegate.swift; sourceTree = "<group>"; };
		1FE48C4627BB516C00719311 /* SceneDelegate.swift */ = {isa = PBXFileReference; lastKnownFileType = sourcecode.swift; path = SceneDelegate.swift; sourceTree = "<group>"; };
		1FE48C4827BB51E300719311 /* DistiniViewController.swift */ = {isa = PBXFileReference; lastKnownFileType = sourcecode.swift; path = DistiniViewController.swift; sourceTree = "<group>"; };
		1FE48C4A27BB666000719311 /* Info.plist */ = {isa = PBXFileReference; lastKnownFileType = text.plist; path = Info.plist; sourceTree = "<group>"; };
/* End PBXFileReference section */

/* Begin PBXFrameworksBuildPhase section */
		1FE48C3027BB508400719311 /* Frameworks */ = {
			isa = PBXFrameworksBuildPhase;
			buildActionMask = 2147483647;
			files = (
			);
			runOnlyForDeploymentPostprocessing = 0;
		};
/* End PBXFrameworksBuildPhase section */

/* Begin PBXGroup section */
		02BC7DA1298DA06100C8DD3F /* Sounds */ = {
			isa = PBXGroup;
			children = (
				02BC7DF9298DA09E00C8DD3F /* 01.mp3 */,
				02BC7DF1298DA09D00C8DD3F /* 02.mp3 */,
				02BC7DA9298DA09600C8DD3F /* 03.mp3 */,
				02BC7DA6298DA09600C8DD3F /* 04.mp3 */,
				02BC7DD2298DA09A00C8DD3F /* 05.mp3 */,
				02BC7DF8298DA09E00C8DD3F /* 06.mp3 */,
				02BC7DB1298DA09700C8DD3F /* 07.mp3 */,
				02BC7DAF298DA09700C8DD3F /* 08.mp3 */,
				02BC7DB5298DA09700C8DD3F /* 09.mp3 */,
				02BC7DDD298DA09B00C8DD3F /* 10.mp3 */,
				02BC7DE2298DA09B00C8DD3F /* 11.mp3 */,
				02BC7DC9298DA09900C8DD3F /* 12.mp3 */,
				02BC7DD5298DA09A00C8DD3F /* 13.mp3 */,
				02BC7DFB298DA09E00C8DD3F /* 14.mp3 */,
				02BC7DBB298DA09800C8DD3F /* 15.mp3 */,
				02BC7DE0298DA09B00C8DD3F /* 16.mp3 */,
				02BC7DFA298DA09E00C8DD3F /* 17.mp3 */,
				02BC7DF5298DA09D00C8DD3F /* 18.mp3 */,
				02BC7DA4298DA09600C8DD3F /* 19.mp3 */,
				02BC7DAD298DA09600C8DD3F /* 20.mp3 */,
				02BC7DED298DA09C00C8DD3F /* 21.mp3 */,
				02BC7DEA298DA09C00C8DD3F /* 22.mp3 */,
				02BC7DC7298DA09900C8DD3F /* 23.mp3 */,
				02BC7DC4298DA09800C8DD3F /* 24.mp3 */,
				02BC7DC8298DA09900C8DD3F /* 25.mp3 */,
				02BC7DEF298DA09D00C8DD3F /* 26.mp3 */,
				02BC7DA2298DA09500C8DD3F /* 27.mp3 */,
				02BC7DCD298DA09900C8DD3F /* 28.mp3 */,
				02BC7DD3298DA09A00C8DD3F /* 29.mp3 */,
				02BC7DC1298DA09800C8DD3F /* 30.mp3 */,
				02BC7DCE298DA09A00C8DD3F /* 31.mp3 */,
				02BC7DF6298DA09D00C8DD3F /* 32.mp3 */,
				02BC7DE3298DA09C00C8DD3F /* 33.mp3 */,
				02BC7DC5298DA09900C8DD3F /* 34.mp3 */,
				02BC7DC3298DA09800C8DD3F /* 35.mp3 */,
				02BC7DB3298DA09700C8DD3F /* 36.mp3 */,
				02BC7DEE298DA09D00C8DD3F /* 37.mp3 */,
				02BC7DCA298DA09900C8DD3F /* 38.mp3 */,
				02BC7DA3298DA09600C8DD3F /* 39.mp3 */,
				02BC7DDE298DA09B00C8DD3F /* 40.mp3 */,
				02BC7DE7298DA09C00C8DD3F /* 41.mp3 */,
				02BC7DC6298DA09900C8DD3F /* 42.mp3 */,
				02BC7DE9298DA09C00C8DD3F /* 43.mp3 */,
				02BC7DA5298DA09600C8DD3F /* 44.mp3 */,
				02BC7DF0298DA09D00C8DD3F /* 45.mp3 */,
				02BC7DD1298DA09A00C8DD3F /* 46.mp3 */,
				02BC7DEC298DA09C00C8DD3F /* 47.mp3 */,
				02BC7DEB298DA09C00C8DD3F /* 48.mp3 */,
				02BC7DCF298DA09A00C8DD3F /* 49.mp3 */,
				02BC7DF4298DA09D00C8DD3F /* 50.mp3 */,
				02BC7DE6298DA09C00C8DD3F /* 51.mp3 */,
				02BC7DA7298DA09600C8DD3F /* 52.mp3 */,
				02BC7DD7298DA09B00C8DD3F /* 53.mp3 */,
				02BC7DCB298DA09900C8DD3F /* 54.mp3 */,
				02BC7DBC298DA09800C8DD3F /* 55.mp3 */,
				02BC7DB6298DA09700C8DD3F /* 56.mp3 */,
				02BC7DFC298DA09E00C8DD3F /* 57.mp3 */,
				02BC7DA8298DA09600C8DD3F /* 58.mp3 */,
				02BC7DAA298DA09600C8DD3F /* 59.mp3 */,
				02BC7DDF298DA09B00C8DD3F /* 60.mp3 */,
				02BC7DC2298DA09800C8DD3F /* 61.mp3 */,
				02BC7DBD298DA09800C8DD3F /* 62.mp3 */,
				02BC7DB9298DA09700C8DD3F /* 63.mp3 */,
				02BC7DDA298DA09B00C8DD3F /* 64.mp3 */,
				02BC7DD6298DA09A00C8DD3F /* 65.mp3 */,
				02BC7DE1298DA09B00C8DD3F /* 66.mp3 */,
				02BC7DBF298DA09800C8DD3F /* 67.mp3 */,
				02BC7DD0298DA09A00C8DD3F /* 68.mp3 */,
				02BC7DF7298DA09D00C8DD3F /* 69.mp3 */,
				02BC7DD4298DA09A00C8DD3F /* 70.mp3 */,
				02BC7DAB298DA09600C8DD3F /* 71.mp3 */,
				02BC7DAC298DA09600C8DD3F /* 72.mp3 */,
				02BC7DAE298DA09700C8DD3F /* 73.mp3 */,
				02BC7DB0298DA09700C8DD3F /* 74.mp3 */,
				02BC7DD9298DA09B00C8DD3F /* 75.mp3 */,
				02BC7DDB298DA09B00C8DD3F /* 76.mp3 */,
				02BC7DF2298DA09D00C8DD3F /* 77.mp3 */,
				02BC7DB2298DA09700C8DD3F /* 78.mp3 */,
				02BC7DB4298DA09700C8DD3F /* 79.mp3 */,
				02BC7DD8298DA09B00C8DD3F /* 80.mp3 */,
				02BC7DB7298DA09700C8DD3F /* 81.mp3 */,
				02BC7DE4298DA09C00C8DD3F /* 82.mp3 */,
				02BC7DBA298DA09800C8DD3F /* 83.mp3 */,
				02BC7DC0298DA09800C8DD3F /* 84.mp3 */,
				02BC7DBE298DA09800C8DD3F /* 85.mp3 */,
				02BC7DE5298DA09C00C8DD3F /* 86.mp3 */,
				02BC7DE8298DA09C00C8DD3F /* 87.mp3 */,
				02BC7DB8298DA09700C8DD3F /* 88.mp3 */,
				02BC7DCC298DA09900C8DD3F /* 89.mp3 */,
				02BC7DDC298DA09B00C8DD3F /* 90.mp3 */,
				02BC7DF3298DA09D00C8DD3F /* 91.mp3 */,
			);
			path = Sounds;
			sourceTree = "<group>";
		};
		1F75D93527BBF63F008B9D39 /* Model */ = {
			isa = PBXGroup;
			children = (
				1F75D93327BBA2B1008B9D39 /* Story.swift */,
				1F75D93627BBF650008B9D39 /* StoryBrain.swift */,
			);
			path = Model;
			sourceTree = "<group>";
		};
		1FE48C2A27BB508400719311 = {
			isa = PBXGroup;
			children = (
				1FE48C3527BB508400719311 /* Destini */,
				1FE48C3427BB508400719311 /* Products */,
			);
			sourceTree = "<group>";
		};
		1FE48C3427BB508400719311 /* Products */ = {
			isa = PBXGroup;
			children = (
				1FE48C3327BB508400719311 /* Destini.app */,
			);
			name = Products;
			sourceTree = "<group>";
		};
		1FE48C3527BB508400719311 /* Destini */ = {
			isa = PBXGroup;
			children = (
				02BC7DA1298DA06100C8DD3F /* Sounds */,
				1FE48C4A27BB666000719311 /* Info.plist */,
				1FE48C4427BB50CE00719311 /* AppDelegate.swift */,
				1FE48C4627BB516C00719311 /* SceneDelegate.swift */,
				02BC7D98298D6E4600C8DD3F /* BaseController.swift */,
				02BC7D97298D6E4600C8DD3F /* BaseView.swift */,
				1FE48C4827BB51E300719311 /* DistiniViewController.swift */,
				02BC7D92298D6E1F00C8DD3F /* DestiniView.swift */,
				02BC7D90298D6E1E00C8DD3F /* sample.mp3 */,
				02BC7D9B298D6E9200C8DD3F /* Then.swift */,
				02BC7D9C298D6E9200C8DD3F /* UIView+Extension.swift */,
				02BC7D9F298D715000C8DD3F /* Story.json */,
				1F75D93527BBF63F008B9D39 /* Model */,
				1FE48C3A27BB508400719311 /* Assets.xcassets */,
				1FE48C3C27BB508400719311 /* Preview Content */,
			);
			path = Destini;
			sourceTree = "<group>";
		};
		1FE48C3C27BB508400719311 /* Preview Content */ = {
			isa = PBXGroup;
			children = (
				1FE48C3D27BB508400719311 /* Preview Assets.xcassets */,
			);
			path = "Preview Content";
			sourceTree = "<group>";
		};
/* End PBXGroup section */

/* Begin PBXNativeTarget section */
		1FE48C3227BB508400719311 /* Destini */ = {
			isa = PBXNativeTarget;
			buildConfigurationList = 1FE48C4127BB508400719311 /* Build configuration list for PBXNativeTarget "Destini" */;
			buildPhases = (
				1FE48C2F27BB508400719311 /* Sources */,
				1FE48C3027BB508400719311 /* Frameworks */,
				1FE48C3127BB508400719311 /* Resources */,
			);
			buildRules = (
			);
			dependencies = (
			);
			name = Destini;
			productName = Destini;
			productReference = 1FE48C3327BB508400719311 /* Destini.app */;
			productType = "com.apple.product-type.application";
		};
/* End PBXNativeTarget section */

/* Begin PBXProject section */
		1FE48C2B27BB508400719311 /* Project object */ = {
			isa = PBXProject;
			attributes = {
				BuildIndependentTargetsInParallel = 1;
				LastSwiftUpdateCheck = 1320;
				LastUpgradeCheck = 1320;
				TargetAttributes = {
					1FE48C3227BB508400719311 = {
						CreatedOnToolsVersion = 13.2.1;
					};
				};
			};
			buildConfigurationList = 1FE48C2E27BB508400719311 /* Build configuration list for PBXProject "Destini" */;
			compatibilityVersion = "Xcode 13.0";
			developmentRegion = en;
			hasScannedForEncodings = 0;
			knownRegions = (
				en,
				Base,
			);
			mainGroup = 1FE48C2A27BB508400719311;
			productRefGroup = 1FE48C3427BB508400719311 /* Products */;
			projectDirPath = "";
			projectRoot = "";
			targets = (
				1FE48C3227BB508400719311 /* Destini */,
			);
		};
/* End PBXProject section */

/* Begin PBXResourcesBuildPhase section */
		1FE48C3127BB508400719311 /* Resources */ = {
			isa = PBXResourcesBuildPhase;
			buildActionMask = 2147483647;
			files = (
				02BC7E46298DA09E00C8DD3F /* 48.mp3 in Resources */,
				02BC7E39298DA09E00C8DD3F /* 40.mp3 in Resources */,
				02BC7E34298DA09E00C8DD3F /* 75.mp3 in Resources */,
				02BC7E2D298DA09E00C8DD3F /* 05.mp3 in Resources */,
				02BC7E1B298DA09E00C8DD3F /* 84.mp3 in Resources */,
				02BC7E50298DA09E00C8DD3F /* 18.mp3 in Resources */,
				02BC7E16298DA09E00C8DD3F /* 15.mp3 in Resources */,
				02BC7E07298DA09E00C8DD3F /* 72.mp3 in Resources */,
				02BC7E05298DA09E00C8DD3F /* 59.mp3 in Resources */,
				02BC7E0A298DA09E00C8DD3F /* 08.mp3 in Resources */,
				02BC7E36298DA09E00C8DD3F /* 76.mp3 in Resources */,
				02BC7E32298DA09E00C8DD3F /* 53.mp3 in Resources */,
				02BC7E25298DA09E00C8DD3F /* 38.mp3 in Resources */,
				02BC7E0D298DA09E00C8DD3F /* 78.mp3 in Resources */,
				02BC7E27298DA09E00C8DD3F /* 89.mp3 in Resources */,
				02BC7E4C298DA09E00C8DD3F /* 02.mp3 in Resources */,
				02BC7DFD298DA09E00C8DD3F /* 27.mp3 in Resources */,
				02BC7E49298DA09E00C8DD3F /* 37.mp3 in Resources */,
				02BC7E14298DA09E00C8DD3F /* 63.mp3 in Resources */,
				02BC7E19298DA09E00C8DD3F /* 85.mp3 in Resources */,
				02BC7E22298DA09E00C8DD3F /* 23.mp3 in Resources */,
				02BC7E4D298DA09E00C8DD3F /* 77.mp3 in Resources */,
				02BC7E51298DA09E00C8DD3F /* 32.mp3 in Resources */,
				02BC7E21298DA09E00C8DD3F /* 42.mp3 in Resources */,
				02BC7E40298DA09E00C8DD3F /* 86.mp3 in Resources */,
				02BC7E52298DA09E00C8DD3F /* 69.mp3 in Resources */,
				02BC7E03298DA09E00C8DD3F /* 58.mp3 in Resources */,
				02BC7E4F298DA09E00C8DD3F /* 50.mp3 in Resources */,
				1FE48C3E27BB508400719311 /* Preview Assets.xcassets in Resources */,
				1FE48C3B27BB508400719311 /* Assets.xcassets in Resources */,
				02BC7E08298DA09E00C8DD3F /* 20.mp3 in Resources */,
				02BC7E2B298DA09E00C8DD3F /* 68.mp3 in Resources */,
				02BC7E0E298DA09E00C8DD3F /* 36.mp3 in Resources */,
				02BC7E54298DA09E00C8DD3F /* 01.mp3 in Resources */,
				02BC7E31298DA09E00C8DD3F /* 65.mp3 in Resources */,
				02BC7E57298DA09E00C8DD3F /* 57.mp3 in Resources */,
				02BC7E18298DA09E00C8DD3F /* 62.mp3 in Resources */,
				02BC7E11298DA09E00C8DD3F /* 56.mp3 in Resources */,
				02BC7D94298D6E1F00C8DD3F /* sample.mp3 in Resources */,
				02BC7E3C298DA09E00C8DD3F /* 66.mp3 in Resources */,
				02BC7E17298DA09E00C8DD3F /* 55.mp3 in Resources */,
				02BC7E30298DA09E00C8DD3F /* 13.mp3 in Resources */,
				02BC7E3D298DA09E00C8DD3F /* 11.mp3 in Resources */,
				02BC7E45298DA09E00C8DD3F /* 22.mp3 in Resources */,
				02BC7E4E298DA09E00C8DD3F /* 91.mp3 in Resources */,
				02BC7E09298DA09E00C8DD3F /* 73.mp3 in Resources */,
				02BC7E12298DA09E00C8DD3F /* 81.mp3 in Resources */,
				02BC7E23298DA09E00C8DD3F /* 25.mp3 in Resources */,
				02BC7E56298DA09E00C8DD3F /* 14.mp3 in Resources */,
				02BC7E2E298DA09E00C8DD3F /* 29.mp3 in Resources */,
				02BC7E2C298DA09E00C8DD3F /* 46.mp3 in Resources */,
				02BC7E2A298DA09E00C8DD3F /* 49.mp3 in Resources */,
				02BC7E42298DA09E00C8DD3F /* 41.mp3 in Resources */,
				02BC7E24298DA09E00C8DD3F /* 12.mp3 in Resources */,
				02BC7E4A298DA09E00C8DD3F /* 26.mp3 in Resources */,
				02BC7E33298DA09E00C8DD3F /* 80.mp3 in Resources */,
				02BC7E3B298DA09E00C8DD3F /* 16.mp3 in Resources */,
				02BC7E38298DA09E00C8DD3F /* 10.mp3 in Resources */,
				02BC7E00298DA09E00C8DD3F /* 44.mp3 in Resources */,
				02BC7E10298DA09E00C8DD3F /* 09.mp3 in Resources */,
				02BC7E3F298DA09E00C8DD3F /* 82.mp3 in Resources */,
				02BC7E44298DA09E00C8DD3F /* 43.mp3 in Resources */,
				02BC7E02298DA09E00C8DD3F /* 52.mp3 in Resources */,
				02BC7E1D298DA09E00C8DD3F /* 61.mp3 in Resources */,
				02BC7E1E298DA09E00C8DD3F /* 35.mp3 in Resources */,
				02BC7E41298DA09E00C8DD3F /* 51.mp3 in Resources */,
				02BC7E04298DA09E00C8DD3F /* 03.mp3 in Resources */,
				02BC7E48298DA09E00C8DD3F /* 21.mp3 in Resources */,
				02BC7E53298DA09E00C8DD3F /* 06.mp3 in Resources */,
				02BC7E1F298DA09E00C8DD3F /* 24.mp3 in Resources */,
				02BC7E3A298DA09E00C8DD3F /* 60.mp3 in Resources */,
				02BC7E3E298DA09E00C8DD3F /* 33.mp3 in Resources */,
				02BC7E0F298DA09E00C8DD3F /* 79.mp3 in Resources */,
				02BC7E26298DA09E00C8DD3F /* 54.mp3 in Resources */,
				02BC7E37298DA09E00C8DD3F /* 90.mp3 in Resources */,
				02BC7E15298DA09E00C8DD3F /* 83.mp3 in Resources */,
				02BC7E4B298DA09E00C8DD3F /* 45.mp3 in Resources */,
				02BC7DFE298DA09E00C8DD3F /* 39.mp3 in Resources */,
				02BC7E06298DA09E00C8DD3F /* 71.mp3 in Resources */,
				02BC7E0C298DA09E00C8DD3F /* 07.mp3 in Resources */,
				02BC7E0B298DA09E00C8DD3F /* 74.mp3 in Resources */,
				02BC7E2F298DA09E00C8DD3F /* 70.mp3 in Resources */,
				02BC7E01298DA09E00C8DD3F /* 04.mp3 in Resources */,
				02BC7E43298DA09E00C8DD3F /* 87.mp3 in Resources */,
				02BC7E55298DA09E00C8DD3F /* 17.mp3 in Resources */,
				02BC7E47298DA09E00C8DD3F /* 47.mp3 in Resources */,
				02BC7E1C298DA09E00C8DD3F /* 30.mp3 in Resources */,
				02BC7E29298DA09E00C8DD3F /* 31.mp3 in Resources */,
				02BC7E35298DA09E00C8DD3F /* 64.mp3 in Resources */,
				02BC7E20298DA09E00C8DD3F /* 34.mp3 in Resources */,
				02BC7DA0298D715000C8DD3F /* Story.json in Resources */,
				02BC7E1A298DA09E00C8DD3F /* 67.mp3 in Resources */,
				02BC7E13298DA09E00C8DD3F /* 88.mp3 in Resources */,
				02BC7E28298DA09E00C8DD3F /* 28.mp3 in Resources */,
				02BC7DFF298DA09E00C8DD3F /* 19.mp3 in Resources */,
			);
			runOnlyForDeploymentPostprocessing = 0;
		};
/* End PBXResourcesBuildPhase section */

/* Begin PBXSourcesBuildPhase section */
		1FE48C2F27BB508400719311 /* Sources */ = {
			isa = PBXSourcesBuildPhase;
			buildActionMask = 2147483647;
			files = (
				1FE48C4527BB50CE00719311 /* AppDelegate.swift in Sources */,
				02BC7D9A298D6E4600C8DD3F /* BaseController.swift in Sources */,
				1FE48C4927BB51E300719311 /* DistiniViewController.swift in Sources */,
				1FE48C4727BB516C00719311 /* SceneDelegate.swift in Sources */,
				1F75D93727BBF650008B9D39 /* StoryBrain.swift in Sources */,
				02BC7D9E298D6E9200C8DD3F /* UIView+Extension.swift in Sources */,
				02BC7D99298D6E4600C8DD3F /* BaseView.swift in Sources */,
				1F75D93427BBA2B1008B9D39 /* Story.swift in Sources */,
				02BC7D96298D6E1F00C8DD3F /* DestiniView.swift in Sources */,
				02BC7D9D298D6E9200C8DD3F /* Then.swift in Sources */,
			);
			runOnlyForDeploymentPostprocessing = 0;
		};
/* End PBXSourcesBuildPhase section */

/* Begin XCBuildConfiguration section */
		1FE48C3F27BB508400719311 /* Debug */ = {
			isa = XCBuildConfiguration;
			buildSettings = {
				ALWAYS_SEARCH_USER_PATHS = NO;
				CLANG_ANALYZER_NONNULL = YES;
				CLANG_ANALYZER_NUMBER_OBJECT_CONVERSION = YES_AGGRESSIVE;
				CLANG_CXX_LANGUAGE_STANDARD = "gnu++17";
				CLANG_CXX_LIBRARY = "libc++";
				CLANG_ENABLE_MODULES = YES;
				CLANG_ENABLE_OBJC_ARC = YES;
				CLANG_ENABLE_OBJC_WEAK = YES;
				CLANG_WARN_BLOCK_CAPTURE_AUTORELEASING = YES;
				CLANG_WARN_BOOL_CONVERSION = YES;
				CLANG_WARN_COMMA = YES;
				CLANG_WARN_CONSTANT_CONVERSION = YES;
				CLANG_WARN_DEPRECATED_OBJC_IMPLEMENTATIONS = YES;
				CLANG_WARN_DIRECT_OBJC_ISA_USAGE = YES_ERROR;
				CLANG_WARN_DOCUMENTATION_COMMENTS = YES;
				CLANG_WARN_EMPTY_BODY = YES;
				CLANG_WARN_ENUM_CONVERSION = YES;
				CLANG_WARN_INFINITE_RECURSION = YES;
				CLANG_WARN_INT_CONVERSION = YES;
				CLANG_WARN_NON_LITERAL_NULL_CONVERSION = YES;
				CLANG_WARN_OBJC_IMPLICIT_RETAIN_SELF = YES;
				CLANG_WARN_OBJC_LITERAL_CONVERSION = YES;
				CLANG_WARN_OBJC_ROOT_CLASS = YES_ERROR;
				CLANG_WARN_QUOTED_INCLUDE_IN_FRAMEWORK_HEADER = YES;
				CLANG_WARN_RANGE_LOOP_ANALYSIS = YES;
				CLANG_WARN_STRICT_PROTOTYPES = YES;
				CLANG_WARN_SUSPICIOUS_MOVE = YES;
				CLANG_WARN_UNGUARDED_AVAILABILITY = YES_AGGRESSIVE;
				CLANG_WARN_UNREACHABLE_CODE = YES;
				CLANG_WARN__DUPLICATE_METHOD_MATCH = YES;
				COPY_PHASE_STRIP = NO;
				DEBUG_INFORMATION_FORMAT = dwarf;
				ENABLE_STRICT_OBJC_MSGSEND = YES;
				ENABLE_TESTABILITY = YES;
				GCC_C_LANGUAGE_STANDARD = gnu11;
				GCC_DYNAMIC_NO_PIC = NO;
				GCC_NO_COMMON_BLOCKS = YES;
				GCC_OPTIMIZATION_LEVEL = 0;
				GCC_PREPROCESSOR_DEFINITIONS = (
					"DEBUG=1",
					"$(inherited)",
				);
				GCC_WARN_64_TO_32_BIT_CONVERSION = YES;
				GCC_WARN_ABOUT_RETURN_TYPE = YES_ERROR;
				GCC_WARN_UNDECLARED_SELECTOR = YES;
				GCC_WARN_UNINITIALIZED_AUTOS = YES_AGGRESSIVE;
				GCC_WARN_UNUSED_FUNCTION = YES;
				GCC_WARN_UNUSED_VARIABLE = YES;
				IPHONEOS_DEPLOYMENT_TARGET = 15.2;
				MTL_ENABLE_DEBUG_INFO = INCLUDE_SOURCE;
				MTL_FAST_MATH = YES;
				ONLY_ACTIVE_ARCH = YES;
				SDKROOT = iphoneos;
				SWIFT_ACTIVE_COMPILATION_CONDITIONS = DEBUG;
				SWIFT_OPTIMIZATION_LEVEL = "-Onone";
			};
			name = Debug;
		};
		1FE48C4027BB508400719311 /* Release */ = {
			isa = XCBuildConfiguration;
			buildSettings = {
				ALWAYS_SEARCH_USER_PATHS = NO;
				CLANG_ANALYZER_NONNULL = YES;
				CLANG_ANALYZER_NUMBER_OBJECT_CONVERSION = YES_AGGRESSIVE;
				CLANG_CXX_LANGUAGE_STANDARD = "gnu++17";
				CLANG_CXX_LIBRARY = "libc++";
				CLANG_ENABLE_MODULES = YES;
				CLANG_ENABLE_OBJC_ARC = YES;
				CLANG_ENABLE_OBJC_WEAK = YES;
				CLANG_WARN_BLOCK_CAPTURE_AUTORELEASING = YES;
				CLANG_WARN_BOOL_CONVERSION = YES;
				CLANG_WARN_COMMA = YES;
				CLANG_WARN_CONSTANT_CONVERSION = YES;
				CLANG_WARN_DEPRECATED_OBJC_IMPLEMENTATIONS = YES;
				CLANG_WARN_DIRECT_OBJC_ISA_USAGE = YES_ERROR;
				CLANG_WARN_DOCUMENTATION_COMMENTS = YES;
				CLANG_WARN_EMPTY_BODY = YES;
				CLANG_WARN_ENUM_CONVERSION = YES;
				CLANG_WARN_INFINITE_RECURSION = YES;
				CLANG_WARN_INT_CONVERSION = YES;
				CLANG_WARN_NON_LITERAL_NULL_CONVERSION = YES;
				CLANG_WARN_OBJC_IMPLICIT_RETAIN_SELF = YES;
				CLANG_WARN_OBJC_LITERAL_CONVERSION = YES;
				CLANG_WARN_OBJC_ROOT_CLASS = YES_ERROR;
				CLANG_WARN_QUOTED_INCLUDE_IN_FRAMEWORK_HEADER = YES;
				CLANG_WARN_RANGE_LOOP_ANALYSIS = YES;
				CLANG_WARN_STRICT_PROTOTYPES = YES;
				CLANG_WARN_SUSPICIOUS_MOVE = YES;
				CLANG_WARN_UNGUARDED_AVAILABILITY = YES_AGGRESSIVE;
				CLANG_WARN_UNREACHABLE_CODE = YES;
				CLANG_WARN__DUPLICATE_METHOD_MATCH = YES;
				COPY_PHASE_STRIP = NO;
				DEBUG_INFORMATION_FORMAT = "dwarf-with-dsym";
				ENABLE_NS_ASSERTIONS = NO;
				ENABLE_STRICT_OBJC_MSGSEND = YES;
				GCC_C_LANGUAGE_STANDARD = gnu11;
				GCC_NO_COMMON_BLOCKS = YES;
				GCC_WARN_64_TO_32_BIT_CONVERSION = YES;
				GCC_WARN_ABOUT_RETURN_TYPE = YES_ERROR;
				GCC_WARN_UNDECLARED_SELECTOR = YES;
				GCC_WARN_UNINITIALIZED_AUTOS = YES_AGGRESSIVE;
				GCC_WARN_UNUSED_FUNCTION = YES;
				GCC_WARN_UNUSED_VARIABLE = YES;
				IPHONEOS_DEPLOYMENT_TARGET = 15.2;
				MTL_ENABLE_DEBUG_INFO = NO;
				MTL_FAST_MATH = YES;
				SDKROOT = iphoneos;
				SWIFT_COMPILATION_MODE = wholemodule;
				SWIFT_OPTIMIZATION_LEVEL = "-O";
				VALIDATE_PRODUCT = YES;
			};
			name = Release;
		};
		1FE48C4227BB508400719311 /* Debug */ = {
			isa = XCBuildConfiguration;
			buildSettings = {
				ASSETCATALOG_COMPILER_APPICON_NAME = AppIcon;
				ASSETCATALOG_COMPILER_GLOBAL_ACCENT_COLOR_NAME = AccentColor;
				CODE_SIGN_STYLE = Automatic;
				CURRENT_PROJECT_VERSION = 1;
				DEVELOPMENT_ASSET_PATHS = "\"Destini/Preview Content\"";
				DEVELOPMENT_TEAM = 723HTEFHBA;
				ENABLE_PREVIEWS = YES;
				GENERATE_INFOPLIST_FILE = YES;
				INFOPLIST_FILE = Destini/Info.plist;
				INFOPLIST_KEY_LSApplicationCategoryType = "public.app-category.books";
				INFOPLIST_KEY_UIApplicationSupportsIndirectInputEvents = YES;
				INFOPLIST_KEY_UILaunchScreen_Generation = YES;
				INFOPLIST_KEY_UISupportedInterfaceOrientations_iPad = "UIInterfaceOrientationPortrait UIInterfaceOrientationPortraitUpsideDown UIInterfaceOrientationLandscapeLeft UIInterfaceOrientationLandscapeRight";
				INFOPLIST_KEY_UISupportedInterfaceOrientations_iPhone = UIInterfaceOrientationPortrait;
				INFOPLIST_KEY_UIUserInterfaceStyle = Dark;
				IPHONEOS_DEPLOYMENT_TARGET = 15.0;
				LD_RUNPATH_SEARCH_PATHS = (
					"$(inherited)",
					"@executable_path/Frameworks",
				);
				MARKETING_VERSION = 0.1.1;
				PRODUCT_BUNDLE_IDENTIFIER = ru.fibeapp.Destini;
				PRODUCT_NAME = "$(TARGET_NAME)";
				SWIFT_EMIT_LOC_STRINGS = YES;
				SWIFT_VERSION = 5.0;
				TARGETED_DEVICE_FAMILY = "1,2";
			};
			name = Debug;
		};
		1FE48C4327BB508400719311 /* Release */ = {
			isa = XCBuildConfiguration;
			buildSettings = {
				ASSETCATALOG_COMPILER_APPICON_NAME = AppIcon;
				ASSETCATALOG_COMPILER_GLOBAL_ACCENT_COLOR_NAME = AccentColor;
				CODE_SIGN_STYLE = Automatic;
				CURRENT_PROJECT_VERSION = 1;
				DEVELOPMENT_ASSET_PATHS = "\"Destini/Preview Content\"";
				DEVELOPMENT_TEAM = 723HTEFHBA;
				ENABLE_PREVIEWS = YES;
				GENERATE_INFOPLIST_FILE = YES;
				INFOPLIST_FILE = Destini/Info.plist;
				INFOPLIST_KEY_LSApplicationCategoryType = "public.app-category.books";
				INFOPLIST_KEY_UIApplicationSupportsIndirectInputEvents = YES;
				INFOPLIST_KEY_UILaunchScreen_Generation = YES;
				INFOPLIST_KEY_UISupportedInterfaceOrientations_iPad = "UIInterfaceOrientationPortrait UIInterfaceOrientationPortraitUpsideDown UIInterfaceOrientationLandscapeLeft UIInterfaceOrientationLandscapeRight";
				INFOPLIST_KEY_UISupportedInterfaceOrientations_iPhone = UIInterfaceOrientationPortrait;
				INFOPLIST_KEY_UIUserInterfaceStyle = Dark;
				IPHONEOS_DEPLOYMENT_TARGET = 15.0;
				LD_RUNPATH_SEARCH_PATHS = (
					"$(inherited)",
					"@executable_path/Frameworks",
				);
				MARKETING_VERSION = 0.1.1;
				PRODUCT_BUNDLE_IDENTIFIER = ru.fibeapp.Destini;
				PRODUCT_NAME = "$(TARGET_NAME)";
				SWIFT_EMIT_LOC_STRINGS = YES;
				SWIFT_VERSION = 5.0;
				TARGETED_DEVICE_FAMILY = "1,2";
			};
			name = Release;
		};
/* End XCBuildConfiguration section */

/* Begin XCConfigurationList section */
		1FE48C2E27BB508400719311 /* Build configuration list for PBXProject "Destini" */ = {
			isa = XCConfigurationList;
			buildConfigurations = (
				1FE48C3F27BB508400719311 /* Debug */,
				1FE48C4027BB508400719311 /* Release */,
			);
			defaultConfigurationIsVisible = 0;
			defaultConfigurationName = Release;
		};
		1FE48C4127BB508400719311 /* Build configuration list for PBXNativeTarget "Destini" */ = {
			isa = XCConfigurationList;
			buildConfigurations = (
				1FE48C4227BB508400719311 /* Debug */,
				1FE48C4327BB508400719311 /* Release */,
			);
			defaultConfigurationIsVisible = 0;
			defaultConfigurationName = Release;
		};
/* End XCConfigurationList section */
	};
	rootObject = 1FE48C2B27BB508400719311 /* Project object */;
}
